{
  "lockfileVersion": 1,
  "configVersion": 1,
  "workspaces": {
    "": {
      "dependencies": {
        "supabase": "^2.105.0",
      },
      "devDependencies": {
        "@acai.sh/cli": "^0.0.3",
        "@types/bun": "latest",
      },
      "peerDependencies": {
        "typescript": "^5",
      },
    },
  },
  "packages": {
    "@acai.sh/cli": ["@acai.sh/cli@0.0.3", "", { "dependencies": { "commander": "^14.0.3", "openapi-fetch": "^0.17.0" }, "peerDependencies": { "typescript": "^5" }, "bin": { "acai": "dist/acai.js" } }, "sha512-TBWqk8OxrQBhLL61rsJ3HHpODgltArV343g/T7zKfi2Zx6Lw9gm4xrQ3McVpxvf/V121jGeGfwVZAqYAU4P2FA=="],

    "@supabase/cli-darwin-arm64": ["@supabase/cli-darwin-arm64@2.105.0", "", { "os": "darwin", "cpu": "arm64" }, "sha512-ptlLrggNCq7dndvY7ce0MIvCZRnAYXeyKC0H7c4DqQmCbOPZgSwD5a4E3RPrZS6TLeJPG7XhpuJarAU5PTf/9w=="],

    "@supabase/cli-darwin-x64": ["@supabase/cli-darwin-x64@2.105.0", "", { "os": "darwin", "cpu": "x64" }, "sha512-kJDYyy3UkXd4hDzo+duOzUk8yDqLEit8d/clBCiXNQFSJf96QCnG2iyrzT4dCDUk8UB3+g9xL1mH2EEuPHj7oA=="],

    "@supabase/cli-linux-arm64": ["@supabase/cli-linux-arm64@2.105.0", "", { "os": "linux", "cpu": "arm64" }, "sha512-cdHgfIFElYkAjrp0aJPlQPTqQ9doSxB4qRswlGNsSYaLlK5Ns78rXsB7G71RRnyrzb41C183osRhVENWVrnK/w=="],

    "@supabase/cli-linux-arm64-musl": ["@supabase/cli-linux-arm64-musl@2.105.0", "", { "os": "linux", "cpu": "arm64" }, "sha512-45vxbXRwe/JUAjyvQ8oKO2o44IK3GunlVqeIWGzcDgaeMg5XO4x0i9+NGPvOvvhyMB4bgJ3cMxh/ovl1AM0GZA=="],

    "@supabase/cli-linux-x64": ["@supabase/cli-linux-x64@2.105.0", "", { "os": "linux", "cpu": "x64" }, "sha512-rj1iU0h4EJaanx72eJtipiXczAY3gug9qxo62MYUZg2X1aaegFtyMS83fmjC7YlduW2Cu+zvgWoyTlA6R5Ndzg=="],

    "@supabase/cli-linux-x64-musl": ["@supabase/cli-linux-x64-musl@2.105.0", "", { "os": "linux", "cpu": "x64" }, "sha512-VnHn1NPn9Ov81BXFOx6FpHxbBT5e3ObaUxO7DR+LDGjh2wfMUj4E6Y863w+r0HJk0hi0mRH7u0U0dOrbBp4E+w=="],

    "@supabase/cli-windows-arm64": ["@supabase/cli-windows-arm64@2.105.0", "", { "os": "win32", "cpu": "arm64" }, "sha512-b5xQ5dVkARZTBiSwLpPbwffRHvVDcO3ZvAtzz54J44KQdLD0TSrgoXZJBrI4Y3ggmG70EiITKPL8+rT6ptjXsQ=="],

    "@supabase/cli-windows-x64": ["@supabase/cli-windows-x64@2.105.0", "", { "os": "win32", "cpu": "x64" }, "sha512-QmfqDQJ58ba/9+vzM8HJQsa/rY6OdtaaaAmPKwCMd8JUQ7758p8sydYe1vXTb4CCPdvk9qW2d/Dh54ucH4SPwg=="],

    "@types/bun": ["@types/bun@1.3.14", "", { "dependencies": { "bun-types": "1.3.14" } }, "sha512-h1hFqFVcvAvD9j9K7ZW7vd82aSA+rTdznZa+5bwvCwqSB1jmmfLcbIWhOLx1/+boy/xmjgCs/OMUL8hRJSmnPw=="],

    "@types/node": ["@types/node@25.9.1", "", { "dependencies": { "undici-types": ">=7.24.0 <7.24.7" } }, "sha512-xfrlY7UD5rMJk3ZVJP8BNzS28J36YJg+xp+LPXV1TdWxr8uMH5A860QNxYDGQe/ylDSgjxE52Q9VnO7p75tJxg=="],

    "bun-types": ["bun-types@1.3.14", "", { "dependencies": { "@types/node": "*" } }, "sha512-4N0ig0fEomHt5R0KCFWjovxow98rIoRwKolrYdCcknNwMekCXRnWEUvgu5soYV8QXtVsrUD8B95MBOZGPvr6KQ=="],

    "commander": ["commander@14.0.3", "", {}, "sha512-H+y0Jo/T1RZ9qPP4Eh1pkcQcLRglraJaSLoyOtHxu6AapkjWVCy2Sit1QQ4x3Dng8qDlSsZEet7g5Pq06MvTgw=="],

    "openapi-fetch": ["openapi-fetch@0.17.0", "", { "dependencies": { "openapi-typescript-helpers": "^0.1.0" } }, "sha512-PsbZR1wAPcG91eEthKhN+Zn92FMHxv+/faECIwjXdxfTODGSGegYv0sc1Olz+HYPvKOuoXfp+0pA2XVt2cI0Ig=="],

    "openapi-typescript-helpers": ["openapi-typescript-helpers@0.1.0", "", {}, "sha512-OKTGPthhivLw/fHz6c3OPtg72vi86qaMlqbJuVJ23qOvQ+53uw1n7HdmkJFibloF7QEjDrDkzJiOJuockM/ljw=="],

    "supabase": ["supabase@2.105.0", "", { "optionalDependencies": { "@supabase/cli-darwin-arm64": "2.105.0", "@supabase/cli-darwin-x64": "2.105.0", "@supabase/cli-linux-arm64": "2.105.0", "@supabase/cli-linux-arm64-musl": "2.105.0", "@supabase/cli-linux-x64": "2.105.0", "@supabase/cli-linux-x64-musl": "2.105.0", "@supabase/cli-windows-arm64": "2.105.0", "@supabase/cli-windows-x64": "2.105.0" }, "bin": { "supabase": "dist/supabase.js" } }, "sha512-UB2aFLYAVujTQsZ9l+aCbDfLNaZApZucByRNP/1j0L1pXXzFhSgEyZSrvHSUO5LIvOb09AGHWishL/usVTuHTg=="],

    "typescript": ["typescript@5.9.3", "", { "bin": { "tsc": "bin/tsc", "tsserver": "bin/tsserver" } }, "sha512-jl1vZzPDinLr9eUt3J/t7V6FgNEw9QjvBPdysz9KfQDD41fQrC2Y4vKQdiaUpFT4bXlb1RHhLpp8wtm6M5TgSw=="],

    "undici-types": ["undici-types@7.24.6", "", {}, "sha512-WRNW+sJgj5OBN4/0JpHFqtqzhpbnV0GuB+OozA9gCL7a993SmU+1JBZCzLNxYsbMfIeDL+lTsphD5jN5N+n0zg=="],
  }
}
