{
  "name": "mbgc",
  "lockfileVersion": 3,
  "requires": true,
  "packages": {
    "": {
      "devDependencies": {
        "@acai.sh/cli": "^0.0.3"
      }
    },
    "node_modules/@acai.sh/cli": {
      "version": "0.0.3",
      "resolved": "https://registry.npmjs.org/@acai.sh/cli/-/cli-0.0.3.tgz",
      "integrity": "sha512-TBWqk8OxrQBhLL61rsJ3HHpODgltArV343g/T7zKfi2Zx6Lw9gm4xrQ3McVpxvf/V121jGeGfwVZAqYAU4P2FA==",
      "dev": true,
      "license": "Apache-2.0",
      "dependencies": {
        "commander": "^14.0.3",
        "openapi-fetch": "^0.17.0"
      },
      "bin": {
        "acai": "dist/acai.js"
      },
      "peerDependencies": {
        "typescript": "^5"
      }
    },
    "node_modules/commander": {
      "version": "14.0.3",
      "dev": true,
      "license": "MIT",
      "engines": {
        "node": ">=20"
      }
    },
    "node_modules/openapi-fetch": {
      "version": "0.17.0",
      "dev": true,
      "license": "MIT",
      "dependencies": {
        "openapi-typescript-helpers": "^0.1.0"
      }
    },
    "node_modules/openapi-typescript-helpers": {
      "version": "0.1.0",
      "dev": true,
      "license": "MIT"
    },
    "node_modules/typescript": {
      "version": "5.9.3",
      "dev": true,
      "license": "Apache-2.0",
      "peer": true,
      "bin": {
        "tsc": "bin/tsc",
        "tsserver": "bin/tsserver"
      },
      "engines": {
        "node": ">=14.17"
      }
    }
  }
}
